
Microsoft Visual Studio Solution File, Format Version 12.00
# Visual Studio Version 17
VisualStudioVersion = 17.3.32929.385
MinimumVisualStudioVersion = 10.0.40219.1
Project("{FAE04EC0-301F-11D3-BF4B-00C04F79EFBC}") = "Bouncing Ball", "Bouncing Ball.csproj", "{6DF9F6FF-F952-49E8-B39B-659AC32BCF8D}"
EndProject
Global
	GlobalSection(SolutionConfigurationPlatforms) = preSolution
		Debug|Any CPU = Debug|Any CPU
		Release|Any CPU = Release|Any CPU
	EndGlobalSection
	GlobalSection(ProjectConfigurationPlatforms) = postSolution
		{6DF9F6FF-F952-49E8-B39B-659AC32BCF8D}.Debug|Any CPU.ActiveCfg = Debug|Any CPU
		{6DF9F6FF-F952-49E8-B39B-659AC32BCF8D}.Debug|Any CPU.Build.0 = Debug|Any CPU
		{6DF9F6FF-F952-49E8-B39B-659AC32BCF8D}.Release|Any CPU.ActiveCfg = Release|Any CPU
		{6DF9F6FF-F952-49E8-B39B-659AC32BCF8D}.Release|Any CPU.Build.0 = Release|Any CPU
	EndGlobalSection
	GlobalSection(SolutionProperties) = preSolution
		HideSolutionNode = FALSE
	EndGlobalSection
	GlobalSection(ExtensibilityGlobals) = postSolution
		SolutionGuid = {0A3B76F9-143C-4F29-9DEE-E43D1218D8B1}
	EndGlobalSection
EndGlobal
